// !$*UTF8*$!
{
	archiveVersion = 1;
	classes = {
	};
	objectVersion = 55;
	objects = {

/* Begin PBXBuildFile section */
		3A9C318D28AA52A4009D2BD1 /* AppDelegate.swift in Sources */ = {isa = PBXBuildFile; fileRef = 3A9C318C28AA52A4009D2BD1 /* AppDelegate.swift */; };
		3A9C318F28AA52A4009D2BD1 /* SceneDelegate.swift in Sources */ = {isa = PBXBuildFile; fileRef = 3A9C318E28AA52A4009D2BD1 /* SceneDelegate.swift */; };
		3A9C319128AA52A4009D2BD1 /* ViewController.swift in Sources */ = {isa = PBXBuildFile; fileRef = 3A9C319028AA52A4009D2BD1 /* ViewController.swift */; };
		3A9C319428AA52A4009D2BD1 /* Main.storyboard in Resources */ = {isa = PBXBuildFile; fileRef = 3A9C319228AA52A4009D2BD1 /* Main.storyboard */; };
		3A9C319628AA52A5009D2BD1 /* Assets.xcassets in Resources */ = {isa = PBXBuildFile; fileRef = 3A9C319528AA52A5009D2BD1 /* Assets.xcassets */; };
		3A9C319928AA52A5009D2BD1 /* LaunchScreen.storyboard in Resources */ = {isa = PBXBuildFile; fileRef = 3A9C319728AA52A5009D2BD1 /* LaunchScreen.storyboard */; };
		3A9C31A428AA52A6009D2BD1 /* Test1Tests.swift in Sources */ = {isa = PBXBuildFile; fileRef = 3A9C31A328AA52A6009D2BD1 /* Test1Tests.swift */; };
		3A9C31AE28AA52A6009D2BD1 /* Test1UITests.swift in Sources */ = {isa = PBXBuildFile; fileRef = 3A9C31AD28AA52A6009D2BD1 /* Test1UITests.swift */; };
		3A9C31B028AA52A6009D2BD1 /* Test1UITestsLaunchTests.swift in Sources */ = {isa = PBXBuildFile; fileRef = 3A9C31AF28AA52A6009D2BD1 /* Test1UITestsLaunchTests.swift */; };
/* End PBXBuildFile section */

/* Begin PBXContainerItemProxy section */
		3A9C31A028AA52A6009D2BD1 /* PBXContainerItemProxy */ = {
			isa = PBXContainerItemProxy;
			containerPortal = 3A9C318128AA52A4009D2BD1 /* Project object */;
			proxyType = 1;
			remoteGlobalIDString = 3A9C318828AA52A4009D2BD1;
			remoteInfo = Test1;
		};
		3A9C31AA28AA52A6009D2BD1 /* PBXContainerItemProxy */ = {
			isa = PBXContainerItemProxy;
			containerPortal = 3A9C318128AA52A4009D2BD1 /* Project object */;
			proxyType = 1;
			remoteGlobalIDString = 3A9C318828AA52A4009D2BD1;
			remoteInfo = Test1;
		};
/* End PBXContainerItemProxy section */

/* Begin PBXFileReference section */
		3A9C318928AA52A4009D2BD1 /* Test1.app */ = {isa = PBXFileReference; explicitFileType = wrapper.application; includeInIndex = 0; path = Test1.app; sourceTree = BUILT_PRODUCTS_DIR; };
		3A9C318C28AA52A4009D2BD1 /* AppDelegate.swift */ = {isa = PBXFileReference; lastKnownFileType = sourcecode.swift; path = AppDelegate.swift; sourceTree = "<group>"; };
		3A9C318E28AA52A4009D2BD1 /* SceneDelegate.swift */ = {isa = PBXFileReference; lastKnownFileType = sourcecode.swift; path = SceneDelegate.swift; sourceTree = "<group>"; };
		3A9C319028AA52A4009D2BD1 /* ViewController.swift */ = {isa = PBXFileReference; lastKnownFileType = sourcecode.swift; path = ViewController.swift; sourceTree = "<group>"; };
		3A9C319328AA52A4009D2BD1 /* Base */ = {isa = PBXFileReference; lastKnownFileType = file.storyboard; name = Base; path = Base.lproj/Main.storyboard; sourceTree = "<group>"; };
		3A9C319528AA52A5009D2BD1 /* Assets.xcassets */ = {isa = PBXFileReference; lastKnownFileType = folder.assetcatalog; path = Assets.xcassets; sourceTree = "<group>"; };
		3A9C319828AA52A5009D2BD1 /* Base */ = {isa = PBXFileReference; lastKnownFileType = file.storyboard; name = Base; path = Base.lproj/LaunchScreen.storyboard; sourceTree = "<group>"; };
		3A9C319A28AA52A5009D2BD1 /* Info.plist */ = {isa = PBXFileReference; lastKnownFileType = text.plist.xml; path = Info.plist; sourceTree = "<group>"; };
		3A9C319F28AA52A6009D2BD1 /* Test1Tests.xctest */ = {isa = PBXFileReference; explicitFileType = wrapper.cfbundle; includeInIndex = 0; path = Test1Tests.xctest; sourceTree = BUILT_PRODUCTS_DIR; };
		3A9C31A328AA52A6009D2BD1 /* Test1Tests.swift */ = {isa = PBXFileReference; lastKnownFileType = sourcecode.swift; path = Test1Tests.swift; sourceTree = "<group>"; };
		3A9C31A928AA52A6009D2BD1 /* Test1UITests.xctest */ = {isa = PBXFileReference; explicitFileType = wrapper.cfbundle; includeInIndex = 0; path = Test1UITests.xctest; sourceTree = BUILT_PRODUCTS_DIR; };
		3A9C31AD28AA52A6009D2BD1 /* Test1UITests.swift */ = {isa = PBXFileReference; lastKnownFileType = sourcecode.swift; path = Test1UITests.swift; sourceTree = "<group>"; };
		3A9C31AF28AA52A6009D2BD1 /* Test1UITestsLaunchTests.swift */ = {isa = PBXFileReference; lastKnownFileType = sourcecode.swift; path = Test1UITestsLaunchTests.swift; sourceTree = "<group>"; };
/* End PBXFileReference section */

/* Begin PBXFrameworksBuildPhase section */
		3A9C318628AA52A4009D2BD1 /* Frameworks */ = {
			isa = PBXFrameworksBuildPhase;
			buildActionMask = 2147483647;
			files = (
			);
			runOnlyForDeploymentPostprocessing = 0;
		};
		3A9C319C28AA52A6009D2BD1 /* Frameworks */ = {
			isa = PBXFrameworksBuildPhase;
			buildActionMask = 2147483647;
			files = (
			);
			runOnlyForDeploymentPostprocessing = 0;
		};
		3A9C31A628AA52A6009D2BD1 /* Frameworks */ = {
			isa = PBXFrameworksBuildPhase;
			buildActionMask = 2147483647;
			files = (
			);
			runOnlyForDeploymentPostprocessing = 0;
		};
/* End PBXFrameworksBuildPhase section */

/* Begin PBXGroup section */
		3A9C318028AA52A4009D2BD1 = {
			isa = PBXGroup;
			children = (
				3A9C318B28AA52A4009D2BD1 /* Test1 */,
				3A9C31A228AA52A6009D2BD1 /* Test1Tests */,
				3A9C31AC28AA52A6009D2BD1 /* Test1UITests */,
				3A9C318A28AA52A4009D2BD1 /* Products */,
			);
			sourceTree = "<group>";
		};
		3A9C318A28AA52A4009D2BD1 /* Products */ = {
			isa = PBXGroup;
			children = (
				3A9C318928AA52A4009D2BD1 /* Test1.app */,
				3A9C319F28AA52A6009D2BD1 /* Test1Tests.xctest */,
				3A9C31A928AA52A6009D2BD1 /* Test1UITests.xctest */,
			);
			name = Products;
			sourceTree = "<group>";
		};
		3A9C318B28AA52A4009D2BD1 /* Test1 */ = {
			isa = PBXGroup;
			children = (
				3A9C318C28AA52A4009D2BD1 /* AppDelegate.swift */,
				3A9C318E28AA52A4009D2BD1 /* SceneDelegate.swift */,
				3A9C319028AA52A4009D2BD1 /* ViewController.swift */,
				3A9C319228AA52A4009D2BD1 /* Main.storyboard */,
				3A9C319528AA52A5009D2BD1 /* Assets.xcassets */,
				3A9C319728AA52A5009D2BD1 /* LaunchScreen.storyboard */,
				3A9C319A28AA52A5009D2BD1 /* Info.plist */,
			);
			path = Test1;
			sourceTree = "<group>";
		};
		3A9C31A228AA52A6009D2BD1 /* Test1Tests */ = {
			isa = PBXGroup;
			children = (
				3A9C31A328AA52A6009D2BD1 /* Test1Tests.swift */,
			);
			path = Test1Tests;
			sourceTree = "<group>";
		};
		3A9C31AC28AA52A6009D2BD1 /* Test1UITests */ = {
			isa = PBXGroup;
			children = (
				3A9C31AD28AA52A6009D2BD1 /* Test1UITests.swift */,
				3A9C31AF28AA52A6009D2BD1 /* Test1UITestsLaunchTests.swift */,
			);
			path = Test1UITests;
			sourceTree = "<group>";
		};
/* End PBXGroup section */

/* Begin PBXNativeTarget section */
		3A9C318828AA52A4009D2BD1 /* Test1 */ = {
			isa = PBXNativeTarget;
			buildConfigurationList = 3A9C31B328AA52A6009D2BD1 /* Build configuration list for PBXNativeTarget "Test1" */;
			buildPhases = (
				3A9C318528AA52A4009D2BD1 /* Sources */,
				3A9C318628AA52A4009D2BD1 /* Frameworks */,
				3A9C318728AA52A4009D2BD1 /* Resources */,
			);
			buildRules = (
			);
			dependencies = (
			);
			name = Test1;
			productName = Test1;
			productReference = 3A9C318928AA52A4009D2BD1 /* Test1.app */;
			productType = "com.apple.product-type.application";
		};
		3A9C319E28AA52A6009D2BD1 /* Test1Tests */ = {
			isa = PBXNativeTarget;
			buildConfigurationList = 3A9C31B628AA52A6009D2BD1 /* Build configuration list for PBXNativeTarget "Test1Tests" */;
			buildPhases = (
				3A9C319B28AA52A6009D2BD1 /* Sources */,
				3A9C319C28AA52A6009D2BD1 /* Frameworks */,
				3A9C319D28AA52A6009D2BD1 /* Resources */,
			);
			buildRules = (
			);
			dependencies = (
				3A9C31A128AA52A6009D2BD1 /* PBXTargetDependency */,
			);
			name = Test1Tests;
			productName = Test1Tests;
			productReference = 3A9C319F28AA52A6009D2BD1 /* Test1Tests.xctest */;
			productType = "com.apple.product-type.bundle.unit-test";
		};
		3A9C31A828AA52A6009D2BD1 /* Test1UITests */ = {
			isa = PBXNativeTarget;
			buildConfigurationList = 3A9C31B928AA52A6009D2BD1 /* Build configuration list for PBXNativeTarget "Test1UITests" */;
			buildPhases = (
				3A9C31A528AA52A6009D2BD1 /* Sources */,
				3A9C31A628AA52A6009D2BD1 /* Frameworks */,
				3A9C31A728AA52A6009D2BD1 /* Resources */,
			);
			buildRules = (
			);
			dependencies = (
				3A9C31AB28AA52A6009D2BD1 /* PBXTargetDependency */,
			);
			name = Test1UITests;
			productName = Test1UITests;
			productReference = 3A9C31A928AA52A6009D2BD1 /* Test1UITests.xctest */;
			productType = "com.apple.product-type.bundle.ui-testing";
		};
/* End PBXNativeTarget section */

/* Begin PBXProject section */
		3A9C318128AA52A4009D2BD1 /* Project object */ = {
			isa = PBXProject;
			attributes = {
				BuildIndependentTargetsInParallel = 1;
				LastSwiftUpdateCheck = 1330;
				LastUpgradeCheck = 1330;
				TargetAttributes = {
					3A9C318828AA52A4009D2BD1 = {
						CreatedOnToolsVersion = 13.3.1;
					};
					3A9C319E28AA52A6009D2BD1 = {
						CreatedOnToolsVersion = 13.3.1;
						TestTargetID = 3A9C318828AA52A4009D2BD1;
					};
					3A9C31A828AA52A6009D2BD1 = {
						CreatedOnToolsVersion = 13.3.1;
						TestTargetID = 3A9C318828AA52A4009D2BD1;
					};
				};
			};
			buildConfigurationList = 3A9C318428AA52A4009D2BD1 /* Build configuration list for PBXProject "Test1" */;
			compatibilityVersion = "Xcode 13.0";
			developmentRegion = en;
			hasScannedForEncodings = 0;
			knownRegions = (
				en,
				Base,
			);
			mainGroup = 3A9C318028AA52A4009D2BD1;
			productRefGroup = 3A9C318A28AA52A4009D2BD1 /* Products */;
			projectDirPath = "";
			projectRoot = "";
			targets = (
				3A9C318828AA52A4009D2BD1 /* Test1 */,
				3A9C319E28AA52A6009D2BD1 /* Test1Tests */,
				3A9C31A828AA52A6009D2BD1 /* Test1UITests */,
			);
		};
/* End PBXProject section */

/* Begin PBXResourcesBuildPhase section */
		3A9C318728AA52A4009D2BD1 /* Resources */ = {
			isa = PBXResourcesBuildPhase;
			buildActionMask = 2147483647;
			files = (
				3A9C319928AA52A5009D2BD1 /* LaunchScreen.storyboard in Resources */,
				3A9C319628AA52A5009D2BD1 /* Assets.xcassets in Resources */,
				3A9C319428AA52A4009D2BD1 /* Main.storyboard in Resources */,
			);
			runOnlyForDeploymentPostprocessing = 0;
		};
		3A9C319D28AA52A6009D2BD1 /* Resources */ = {
			isa = PBXResourcesBuildPhase;
			buildActionMask = 2147483647;
			files = (
			);
			runOnlyForDeploymentPostprocessing = 0;
		};
		3A9C31A728AA52A6009D2BD1 /* Resources */ = {
			isa = PBXResourcesBuildPhase;
			buildActionMask = 2147483647;
			files = (
			);
			runOnlyForDeploymentPostprocessing = 0;
		};
/* End PBXResourcesBuildPhase section */

/* Begin PBXSourcesBuildPhase section */
		3A9C318528AA52A4009D2BD1 /* Sources */ = {
			isa = PBXSourcesBuildPhase;
			buildActionMask = 2147483647;
			files = (
				3A9C319128AA52A4009D2BD1 /* ViewController.swift in Sources */,
				3A9C318D28AA52A4009D2BD1 /* AppDelegate.swift in Sources */,
				3A9C318F28AA52A4009D2BD1 /* SceneDelegate.swift in Sources */,
			);
			runOnlyForDeploymentPostprocessing = 0;
		};
		3A9C319B28AA52A6009D2BD1 /* Sources */ = {
			isa = PBXSourcesBuildPhase;
			buildActionMask = 2147483647;
			files = (
				3A9C31A428AA52A6009D2BD1 /* Test1Tests.swift in Sources */,
			);
			runOnlyForDeploymentPostprocessing = 0;
		};
		3A9C31A528AA52A6009D2BD1 /* Sources */ = {
			isa = PBXSourcesBuildPhase;
			buildActionMask = 2147483647;
			files = (
				3A9C31B028AA52A6009D2BD1 /* Test1UITestsLaunchTests.swift in Sources */,
				3A9C31AE28AA52A6009D2BD1 /* Test1UITests.swift in Sources */,
			);
			runOnlyForDeploymentPostprocessing = 0;
		};
/* End PBXSourcesBuildPhase section */

/* Begin PBXTargetDependency section */
		3A9C31A128AA52A6009D2BD1 /* PBXTargetDependency */ = {
			isa = PBXTargetDependency;
			target = 3A9C318828AA52A4009D2BD1 /* Test1 */;
			targetProxy = 3A9C31A028AA52A6009D2BD1 /* PBXContainerItemProxy */;
		};
		3A9C31AB28AA52A6009D2BD1 /* PBXTargetDependency */ = {
			isa = PBXTargetDependency;
			target = 3A9C318828AA52A4009D2BD1 /* Test1 */;
			targetProxy = 3A9C31AA28AA52A6009D2BD1 /* PBXContainerItemProxy */;
		};
/* End PBXTargetDependency section */

/* Begin PBXVariantGroup section */
		3A9C319228AA52A4009D2BD1 /* Main.storyboard */ = {
			isa = PBXVariantGroup;
			children = (
				3A9C319328AA52A4009D2BD1 /* Base */,
			);
			name = Main.storyboard;
			sourceTree = "<group>";
		};
		3A9C319728AA52A5009D2BD1 /* LaunchScreen.storyboard */ = {
			isa = PBXVariantGroup;
			children = (
				3A9C319828AA52A5009D2BD1 /* Base */,
			);
			name = LaunchScreen.storyboard;
			sourceTree = "<group>";
		};
/* End PBXVariantGroup section */

/* Begin XCBuildConfiguration section */
		3A9C31B128AA52A6009D2BD1 /* Debug */ = {
			isa = XCBuildConfiguration;
			buildSettings = {
				ALWAYS_SEARCH_USER_PATHS = NO;
				CLANG_ANALYZER_NONNULL = YES;
				CLANG_ANALYZER_NUMBER_OBJECT_CONVERSION = YES_AGGRESSIVE;
				CLANG_CXX_LANGUAGE_STANDARD = "gnu++17";
				CLANG_ENABLE_MODULES = YES;
				CLANG_ENABLE_OBJC_ARC = YES;
				CLANG_ENABLE_OBJC_WEAK = YES;
				CLANG_WARN_BLOCK_CAPTURE_AUTORELEASING = YES;
				CLANG_WARN_BOOL_CONVERSION = YES;
				CLANG_WARN_COMMA = YES;
				CLANG_WARN_CONSTANT_CONVERSION = YES;
				CLANG_WARN_DEPRECATED_OBJC_IMPLEMENTATIONS = YES;
				CLANG_WARN_DIRECT_OBJC_ISA_USAGE = YES_ERROR;
				CLANG_WARN_DOCUMENTATION_COMMENTS = YES;
				CLANG_WARN_EMPTY_BODY = YES;
				CLANG_WARN_ENUM_CONVERSION = YES;
				CLANG_WARN_INFINITE_RECURSION = YES;
				CLANG_WARN_INT_CONVERSION = YES;
				CLANG_WARN_NON_LITERAL_NULL_CONVERSION = YES;
				CLANG_WARN_OBJC_IMPLICIT_RETAIN_SELF = YES;
				CLANG_WARN_OBJC_LITERAL_CONVERSION = YES;
				CLANG_WARN_OBJC_ROOT_CLASS = YES_ERROR;
				CLANG_WARN_QUOTED_INCLUDE_IN_FRAMEWORK_HEADER = YES;
				CLANG_WARN_RANGE_LOOP_ANALYSIS = YES;
				CLANG_WARN_STRICT_PROTOTYPES = YES;
				CLANG_WARN_SUSPICIOUS_MOVE = YES;
				CLANG_WARN_UNGUARDED_AVAILABILITY = YES_AGGRESSIVE;
				CLANG_WARN_UNREACHABLE_CODE = YES;
				CLANG_WARN__DUPLICATE_METHOD_MATCH = YES;
				COPY_PHASE_STRIP = NO;
				DEBUG_INFORMATION_FORMAT = dwarf;
				ENABLE_STRICT_OBJC_MSGSEND = YES;
				ENABLE_TESTABILITY = YES;
				GCC_C_LANGUAGE_STANDARD = gnu11;
				GCC_DYNAMIC_NO_PIC = NO;
				GCC_NO_COMMON_BLOCKS = YES;
				GCC_OPTIMIZATION_LEVEL = 0;
				GCC_PREPROCESSOR_DEFINITIONS = (
					"DEBUG=1",
					"$(inherited)",
				);
				GCC_WARN_64_TO_32_BIT_CONVERSION = YES;
				GCC_WARN_ABOUT_RETURN_TYPE = YES_ERROR;
				GCC_WARN_UNDECLARED_SELECTOR = YES;
				GCC_WARN_UNINITIALIZED_AUTOS = YES_AGGRESSIVE;
				GCC_WARN_UNUSED_FUNCTION = YES;
				GCC_WARN_UNUSED_VARIABLE = YES;
				IPHONEOS_DEPLOYMENT_TARGET = 15.4;
				MTL_ENABLE_DEBUG_INFO = INCLUDE_SOURCE;
				MTL_FAST_MATH = YES;
				ONLY_ACTIVE_ARCH = YES;
				SDKROOT = iphoneos;
				SWIFT_ACTIVE_COMPILATION_CONDITIONS = DEBUG;
				SWIFT_OPTIMIZATION_LEVEL = "-Onone";
			};
			name = Debug;
		};
		3A9C31B228AA52A6009D2BD1 /* Release */ = {
			isa = XCBuildConfiguration;
			buildSettings = {
				ALWAYS_SEARCH_USER_PATHS = NO;
				CLANG_ANALYZER_NONNULL = YES;
				CLANG_ANALYZER_NUMBER_OBJECT_CONVERSION = YES_AGGRESSIVE;
				CLANG_CXX_LANGUAGE_STANDARD = "gnu++17";
				CLANG_ENABLE_MODULES = YES;
				CLANG_ENABLE_OBJC_ARC = YES;
				CLANG_ENABLE_OBJC_WEAK = YES;
				CLANG_WARN_BLOCK_CAPTURE_AUTORELEASING = YES;
				CLANG_WARN_BOOL_CONVERSION = YES;
				CLANG_WARN_COMMA = YES;
				CLANG_WARN_CONSTANT_CONVERSION = YES;
				CLANG_WARN_DEPRECATED_OBJC_IMPLEMENTATIONS = YES;
				CLANG_WARN_DIRECT_OBJC_ISA_USAGE = YES_ERROR;
				CLANG_WARN_DOCUMENTATION_COMMENTS = YES;
				CLANG_WARN_EMPTY_BODY = YES;
				CLANG_WARN_ENUM_CONVERSION = YES;
				CLANG_WARN_INFINITE_RECURSION = YES;
				CLANG_WARN_INT_CONVERSION = YES;
				CLANG_WARN_NON_LITERAL_NULL_CONVERSION = YES;
				CLANG_WARN_OBJC_IMPLICIT_RETAIN_SELF = YES;
				CLANG_WARN_OBJC_LITERAL_CONVERSION = YES;
				CLANG_WARN_OBJC_ROOT_CLASS = YES_ERROR;
				CLANG_WARN_QUOTED_INCLUDE_IN_FRAMEWORK_HEADER = YES;
				CLANG_WARN_RANGE_LOOP_ANALYSIS = YES;
				CLANG_WARN_STRICT_PROTOTYPES = YES;
				CLANG_WARN_SUSPICIOUS_MOVE = YES;
				CLANG_WARN_UNGUARDED_AVAILABILITY = YES_AGGRESSIVE;
				CLANG_WARN_UNREACHABLE_CODE = YES;
				CLANG_WARN__DUPLICATE_METHOD_MATCH = YES;
				COPY_PHASE_STRIP = NO;
				DEBUG_INFORMATION_FORMAT = "dwarf-with-dsym";
				ENABLE_NS_ASSERTIONS = NO;
				ENABLE_STRICT_OBJC_MSGSEND = YES;
				GCC_C_LANGUAGE_STANDARD = gnu11;
				GCC_NO_COMMON_BLOCKS = YES;
				GCC_WARN_64_TO_32_BIT_CONVERSION = YES;
				GCC_WARN_ABOUT_RETURN_TYPE = YES_ERROR;
				GCC_WARN_UNDECLARED_SELECTOR = YES;
				GCC_WARN_UNINITIALIZED_AUTOS = YES_AGGRESSIVE;
				GCC_WARN_UNUSED_FUNCTION = YES;
				GCC_WARN_UNUSED_VARIABLE = YES;
				IPHONEOS_DEPLOYMENT_TARGET = 15.4;
				MTL_ENABLE_DEBUG_INFO = NO;
				MTL_FAST_MATH = YES;
				SDKROOT = iphoneos;
				SWIFT_COMPILATION_MODE = wholemodule;
				SWIFT_OPTIMIZATION_LEVEL = "-O";
				VALIDATE_PRODUCT = YES;
			};
			name = Release;
		};
		3A9C31B428AA52A6009D2BD1 /* Debug */ = {
			isa = XCBuildConfiguration;
			buildSettings = {
				ASSETCATALOG_COMPILER_APPICON_NAME = AppIcon;
				ASSETCATALOG_COMPILER_GLOBAL_ACCENT_COLOR_NAME = AccentColor;
				CODE_SIGN_STYLE = Automatic;
				CURRENT_PROJECT_VERSION = 1;
				GENERATE_INFOPLIST_FILE = YES;
				INFOPLIST_FILE = Test1/Info.plist;
				INFOPLIST_KEY_UIApplicationSupportsIndirectInputEvents = YES;
				INFOPLIST_KEY_UILaunchStoryboardName = LaunchScreen;
				INFOPLIST_KEY_UIMainStoryboardFile = Main;
				INFOPLIST_KEY_UISupportedInterfaceOrientations_iPad = "UIInterfaceOrientationPortrait UIInterfaceOrientationPortraitUpsideDown UIInterfaceOrientationLandscapeLeft UIInterfaceOrientationLandscapeRight";
				INFOPLIST_KEY_UISupportedInterfaceOrientations_iPhone = "UIInterfaceOrientationPortrait UIInterfaceOrientationLandscapeLeft UIInterfaceOrientationLandscapeRight";
				LD_RUNPATH_SEARCH_PATHS = (
					"$(inherited)",
					"@executable_path/Frameworks",
				);
				MARKETING_VERSION = 1.0;
				PRODUCT_BUNDLE_IDENTIFIER = "com.sfac-system.Test1";
				PRODUCT_NAME = "$(TARGET_NAME)";
				SWIFT_EMIT_LOC_STRINGS = YES;
				SWIFT_VERSION = 5.0;
				TARGETED_DEVICE_FAMILY = "1,2";
			};
			name = Debug;
		};
		3A9C31B528AA52A6009D2BD1 /* Release */ = {
			isa = XCBuildConfiguration;
			buildSettings = {
				ASSETCATALOG_COMPILER_APPICON_NAME = AppIcon;
				ASSETCATALOG_COMPILER_GLOBAL_ACCENT_COLOR_NAME = AccentColor;
				CODE_SIGN_STYLE = Automatic;
				CURRENT_PROJECT_VERSION = 1;
				GENERATE_INFOPLIST_FILE = YES;
				INFOPLIST_FILE = Test1/Info.plist;
				INFOPLIST_KEY_UIApplicationSupportsIndirectInputEvents = YES;
				INFOPLIST_KEY_UILaunchStoryboardName = LaunchScreen;
				INFOPLIST_KEY_UIMainStoryboardFile = Main;
				INFOPLIST_KEY_UISupportedInterfaceOrientations_iPad = "UIInterfaceOrientationPortrait UIInterfaceOrientationPortraitUpsideDown UIInterfaceOrientationLandscapeLeft UIInterfaceOrientationLandscapeRight";
				INFOPLIST_KEY_UISupportedInterfaceOrientations_iPhone = "UIInterfaceOrientationPortrait UIInterfaceOrientationLandscapeLeft UIInterfaceOrientationLandscapeRight";
				LD_RUNPATH_SEARCH_PATHS = (
					"$(inherited)",
					"@executable_path/Frameworks",
				);
				MARKETING_VERSION = 1.0;
				PRODUCT_BUNDLE_IDENTIFIER = "com.sfac-system.Test1";
				PRODUCT_NAME = "$(TARGET_NAME)";
				SWIFT_EMIT_LOC_STRINGS = YES;
				SWIFT_VERSION = 5.0;
				TARGETED_DEVICE_FAMILY = "1,2";
			};
			name = Release;
		};
		3A9C31B728AA52A6009D2BD1 /* Debug */ = {
			isa = XCBuildConfiguration;
			buildSettings = {
				ALWAYS_EMBED_SWIFT_STANDARD_LIBRARIES = YES;
				BUNDLE_LOADER = "$(TEST_HOST)";
				CODE_SIGN_STYLE = Automatic;
				CURRENT_PROJECT_VERSION = 1;
				GENERATE_INFOPLIST_FILE = YES;
				IPHONEOS_DEPLOYMENT_TARGET = 15.4;
				MARKETING_VERSION = 1.0;
				PRODUCT_BUNDLE_IDENTIFIER = "com.sfac-system.Test1Tests";
				PRODUCT_NAME = "$(TARGET_NAME)";
				SWIFT_EMIT_LOC_STRINGS = NO;
				SWIFT_VERSION = 5.0;
				TARGETED_DEVICE_FAMILY = "1,2";
				TEST_HOST = "$(BUILT_PRODUCTS_DIR)/Test1.app/Test1";
			};
			name = Debug;
		};
		3A9C31B828AA52A6009D2BD1 /* Release */ = {
			isa = XCBuildConfiguration;
			buildSettings = {
				ALWAYS_EMBED_SWIFT_STANDARD_LIBRARIES = YES;
				BUNDLE_LOADER = "$(TEST_HOST)";
				CODE_SIGN_STYLE = Automatic;
				CURRENT_PROJECT_VERSION = 1;
				GENERATE_INFOPLIST_FILE = YES;
				IPHONEOS_DEPLOYMENT_TARGET = 15.4;
				MARKETING_VERSION = 1.0;
				PRODUCT_BUNDLE_IDENTIFIER = "com.sfac-system.Test1Tests";
				PRODUCT_NAME = "$(TARGET_NAME)";
				SWIFT_EMIT_LOC_STRINGS = NO;
				SWIFT_VERSION = 5.0;
				TARGETED_DEVICE_FAMILY = "1,2";
				TEST_HOST = "$(BUILT_PRODUCTS_DIR)/Test1.app/Test1";
			};
			name = Release;
		};
		3A9C31BA28AA52A6009D2BD1 /* Debug */ = {
			isa = XCBuildConfiguration;
			buildSettings = {
				ALWAYS_EMBED_SWIFT_STANDARD_LIBRARIES = YES;
				CODE_SIGN_STYLE = Automatic;
				CURRENT_PROJECT_VERSION = 1;
				GENERATE_INFOPLIST_FILE = YES;
				MARKETING_VERSION = 1.0;
				PRODUCT_BUNDLE_IDENTIFIER = "com.sfac-system.Test1UITests";
				PRODUCT_NAME = "$(TARGET_NAME)";
				SWIFT_EMIT_LOC_STRINGS = NO;
				SWIFT_VERSION = 5.0;
				TARGETED_DEVICE_FAMILY = "1,2";
				TEST_TARGET_NAME = Test1;
			};
			name = Debug;
		};
		3A9C31BB28AA52A6009D2BD1 /* Release */ = {
			isa = XCBuildConfiguration;
			buildSettings = {
				ALWAYS_EMBED_SWIFT_STANDARD_LIBRARIES = YES;
				CODE_SIGN_STYLE = Automatic;
				CURRENT_PROJECT_VERSION = 1;
				GENERATE_INFOPLIST_FILE = YES;
				MARKETING_VERSION = 1.0;
				PRODUCT_BUNDLE_IDENTIFIER = "com.sfac-system.Test1UITests";
				PRODUCT_NAME = "$(TARGET_NAME)";
				SWIFT_EMIT_LOC_STRINGS = NO;
				SWIFT_VERSION = 5.0;
				TARGETED_DEVICE_FAMILY = "1,2";
				TEST_TARGET_NAME = Test1;
			};
			name = Release;
		};
/* End XCBuildConfiguration section */

/* Begin XCConfigurationList section */
		3A9C318428AA52A4009D2BD1 /* Build configuration list for PBXProject "Test1" */ = {
			isa = XCConfigurationList;
			buildConfigurations = (
				3A9C31B128AA52A6009D2BD1 /* Debug */,
				3A9C31B228AA52A6009D2BD1 /* Release */,
			);
			defaultConfigurationIsVisible = 0;
			defaultConfigurationName = Release;
		};
		3A9C31B328AA52A6009D2BD1 /* Build configuration list for PBXNativeTarget "Test1" */ = {
			isa = XCConfigurationList;
			buildConfigurations = (
				3A9C31B428AA52A6009D2BD1 /* Debug */,
				3A9C31B528AA52A6009D2BD1 /* Release */,
			);
			defaultConfigurationIsVisible = 0;
			defaultConfigurationName = Release;
		};
		3A9C31B628AA52A6009D2BD1 /* Build configuration list for PBXNativeTarget "Test1Tests" */ = {
			isa = XCConfigurationList;
			buildConfigurations = (
				3A9C31B728AA52A6009D2BD1 /* Debug */,
				3A9C31B828AA52A6009D2BD1 /* Release */,
			);
			defaultConfigurationIsVisible = 0;
			defaultConfigurationName = Release;
		};
		3A9C31B928AA52A6009D2BD1 /* Build configuration list for PBXNativeTarget "Test1UITests" */ = {
			isa = XCConfigurationList;
			buildConfigurations = (
				3A9C31BA28AA52A6009D2BD1 /* Debug */,
				3A9C31BB28AA52A6009D2BD1 /* Release */,
			);
			defaultConfigurationIsVisible = 0;
			defaultConfigurationName = Release;
		};
/* End XCConfigurationList section */
	};
	rootObject = 3A9C318128AA52A4009D2BD1 /* Project object */;
}
